{
  "requires": true,
  "lockfileVersion": 1,
  "dependencies": {
    "lightgallery": {
      "version": "2.7.0",
      "resolved": "https://registry.npmjs.org/lightgallery/-/lightgallery-2.7.0.tgz",
      "integrity": "sha512-iozIJNxKl3wPWcspCmRdaSYpYy3PjloC8BN0PDwaDOoTA1hsu1IhZdWQWI5cGgMJvnksP94/smElMwn2HS5d3Q=="
    }
  }
}
